
Microsoft Visual Studio Solution File, Format Version 11.00
# Visual C# Express 2010
Project("{FAE04EC0-301F-11D3-BF4B-00C04F79EFBC}") = "cam85_v01", "cam85_v01\cam85_v01.csproj", "{CBF0D132-0750-49B7-B2FF-62A4A791B81B}"
EndProject
Global
	GlobalSection(SolutionConfigurationPlatforms) = preSolution
		Debug|Any CPU = Debug|Any CPU
		Release|Any CPU = Release|Any CPU
	EndGlobalSection
	GlobalSection(ProjectConfigurationPlatforms) = postSolution
		{CBF0D132-0750-49B7-B2FF-62A4A791B81B}.Debug|Any CPU.ActiveCfg = Debug|Any CPU
		{CBF0D132-0750-49B7-B2FF-62A4A791B81B}.Debug|Any CPU.Build.0 = Debug|Any CPU
		{CBF0D132-0750-49B7-B2FF-62A4A791B81B}.Release|Any CPU.ActiveCfg = Release|Any CPU
		{CBF0D132-0750-49B7-B2FF-62A4A791B81B}.Release|Any CPU.Build.0 = Release|Any CPU
	EndGlobalSection
	GlobalSection(SolutionProperties) = preSolution
		HideSolutionNode = FALSE
	EndGlobalSection
EndGlobal
