
Microsoft Visual Studio Solution File, Format Version 11.00
# Visual Studio 2010
Project("{FAE04EC0-301F-11D3-BF4B-00C04F79EFBC}") = "cam86", "cam86\cam86.csproj", "{D41C5956-AA59-4919-8F37-8DB2C1202769}"
EndProject
Global
	GlobalSection(SolutionConfigurationPlatforms) = preSolution
		Debug|Any CPU = Debug|Any CPU
		Release|Any CPU = Release|Any CPU
	EndGlobalSection
	GlobalSection(ProjectConfigurationPlatforms) = postSolution
		{D41C5956-AA59-4919-8F37-8DB2C1202769}.Debug|Any CPU.ActiveCfg = Debug|Any CPU
		{D41C5956-AA59-4919-8F37-8DB2C1202769}.Debug|Any CPU.Build.0 = Debug|Any CPU
		{D41C5956-AA59-4919-8F37-8DB2C1202769}.Release|Any CPU.ActiveCfg = Release|Any CPU
		{D41C5956-AA59-4919-8F37-8DB2C1202769}.Release|Any CPU.Build.0 = Release|Any CPU
	EndGlobalSection
	GlobalSection(SolutionProperties) = preSolution
		HideSolutionNode = FALSE
	EndGlobalSection
EndGlobal
