
Microsoft Visual Studio Solution File, Format Version 11.00
# Visual C# Express 2010
Project("{FAE04EC0-301F-11D3-BF4B-00C04F79EFBC}") = "cam8s_v06", "cam8s_v06\cam8s_v06.csproj", "{A174CA6C-40CA-4275-AF9C-D1E99FB36391}"
EndProject
Global
	GlobalSection(SolutionConfigurationPlatforms) = preSolution
		Debug|Any CPU = Debug|Any CPU
		Release|Any CPU = Release|Any CPU
	EndGlobalSection
	GlobalSection(ProjectConfigurationPlatforms) = postSolution
		{A174CA6C-40CA-4275-AF9C-D1E99FB36391}.Debug|Any CPU.ActiveCfg = Debug|Any CPU
		{A174CA6C-40CA-4275-AF9C-D1E99FB36391}.Debug|Any CPU.Build.0 = Debug|Any CPU
		{A174CA6C-40CA-4275-AF9C-D1E99FB36391}.Release|Any CPU.ActiveCfg = Release|Any CPU
		{A174CA6C-40CA-4275-AF9C-D1E99FB36391}.Release|Any CPU.Build.0 = Release|Any CPU
	EndGlobalSection
	GlobalSection(SolutionProperties) = preSolution
		HideSolutionNode = FALSE
	EndGlobalSection
EndGlobal
