
Microsoft Visual Studio Solution File, Format Version 11.00
# Visual C# Express 2010
Project("{FAE04EC0-301F-11D3-BF4B-00C04F79EFBC}") = "cam8_v05", "cam8_v05\cam8_v05.csproj", "{2A9CE91F-C856-4BE1-ADDC-E93FBA13A22A}"
EndProject
Project("{FAE04EC0-301F-11D3-BF4B-00C04F79EFBC}") = "test_app", "test_app\test_app.csproj", "{3874A484-2309-4C63-B3DF-E363384D2AF2}"
EndProject
Global
	GlobalSection(SolutionConfigurationPlatforms) = preSolution
		Debug|Any CPU = Debug|Any CPU
		Debug|Mixed Platforms = Debug|Mixed Platforms
		Debug|x86 = Debug|x86
		Release|Any CPU = Release|Any CPU
		Release|Mixed Platforms = Release|Mixed Platforms
		Release|x86 = Release|x86
	EndGlobalSection
	GlobalSection(ProjectConfigurationPlatforms) = postSolution
		{2A9CE91F-C856-4BE1-ADDC-E93FBA13A22A}.Debug|Any CPU.ActiveCfg = Debug|Any CPU
		{2A9CE91F-C856-4BE1-ADDC-E93FBA13A22A}.Debug|Any CPU.Build.0 = Debug|Any CPU
		{2A9CE91F-C856-4BE1-ADDC-E93FBA13A22A}.Debug|Mixed Platforms.ActiveCfg = Debug|Any CPU
		{2A9CE91F-C856-4BE1-ADDC-E93FBA13A22A}.Debug|Mixed Platforms.Build.0 = Debug|Any CPU
		{2A9CE91F-C856-4BE1-ADDC-E93FBA13A22A}.Debug|x86.ActiveCfg = Debug|Any CPU
		{2A9CE91F-C856-4BE1-ADDC-E93FBA13A22A}.Release|Any CPU.ActiveCfg = Release|Any CPU
		{2A9CE91F-C856-4BE1-ADDC-E93FBA13A22A}.Release|Any CPU.Build.0 = Release|Any CPU
		{2A9CE91F-C856-4BE1-ADDC-E93FBA13A22A}.Release|Mixed Platforms.ActiveCfg = Release|Any CPU
		{2A9CE91F-C856-4BE1-ADDC-E93FBA13A22A}.Release|Mixed Platforms.Build.0 = Release|Any CPU
		{2A9CE91F-C856-4BE1-ADDC-E93FBA13A22A}.Release|x86.ActiveCfg = Release|Any CPU
		{3874A484-2309-4C63-B3DF-E363384D2AF2}.Debug|Any CPU.ActiveCfg = Debug|x86
		{3874A484-2309-4C63-B3DF-E363384D2AF2}.Debug|Mixed Platforms.ActiveCfg = Debug|x86
		{3874A484-2309-4C63-B3DF-E363384D2AF2}.Debug|Mixed Platforms.Build.0 = Debug|x86
		{3874A484-2309-4C63-B3DF-E363384D2AF2}.Debug|x86.ActiveCfg = Debug|x86
		{3874A484-2309-4C63-B3DF-E363384D2AF2}.Debug|x86.Build.0 = Debug|x86
		{3874A484-2309-4C63-B3DF-E363384D2AF2}.Release|Any CPU.ActiveCfg = Release|x86
		{3874A484-2309-4C63-B3DF-E363384D2AF2}.Release|Mixed Platforms.ActiveCfg = Release|x86
		{3874A484-2309-4C63-B3DF-E363384D2AF2}.Release|Mixed Platforms.Build.0 = Release|x86
		{3874A484-2309-4C63-B3DF-E363384D2AF2}.Release|x86.ActiveCfg = Release|x86
		{3874A484-2309-4C63-B3DF-E363384D2AF2}.Release|x86.Build.0 = Release|x86
	EndGlobalSection
	GlobalSection(SolutionProperties) = preSolution
		HideSolutionNode = FALSE
	EndGlobalSection
EndGlobal
